// !$*UTF8*$!
{
	archiveVersion = 1;
	classes = {
	};
	objectVersion = 56;
	objects = {

/* Begin PBXBuildFile section */
		AA000001 /* GroceryBuddyApp.swift in Sources */ = {isa = PBXBuildFile; fileRef = AB000001 /* GroceryBuddyApp.swift */; };
		AA000002 /* GroceryItem.swift in Sources */ = {isa = PBXBuildFile; fileRef = AB000002 /* GroceryItem.swift */; };
		AA000003 /* CustomCategory.swift in Sources */ = {isa = PBXBuildFile; fileRef = AB000003 /* CustomCategory.swift */; };
		AA000004 /* ZoneLayout.swift in Sources */ = {isa = PBXBuildFile; fileRef = AB000004 /* ZoneLayout.swift */; };
		AA000005 /* SavedLayoutSlot.swift in Sources */ = {isa = PBXBuildFile; fileRef = AB000005 /* SavedLayoutSlot.swift */; };
		AA000006 /* RouteState.swift in Sources */ = {isa = PBXBuildFile; fileRef = AB000006 /* RouteState.swift */; };
		AA000007 /* LocalStore.swift in Sources */ = {isa = PBXBuildFile; fileRef = AB000007 /* LocalStore.swift */; };
		AA000008 /* AuthClient.swift in Sources */ = {isa = PBXBuildFile; fileRef = AB000008 /* AuthClient.swift */; };
		AA000009 /* CloudSync.swift in Sources */ = {isa = PBXBuildFile; fileRef = AB000009 /* CloudSync.swift */; };
		AA000010 /* AppViewModel.swift in Sources */ = {isa = PBXBuildFile; fileRef = AB000010 /* AppViewModel.swift */; };
		AA000011 /* ContentView.swift in Sources */ = {isa = PBXBuildFile; fileRef = AB000011 /* ContentView.swift */; };
		AA000012 /* GroceryListView.swift in Sources */ = {isa = PBXBuildFile; fileRef = AB000012 /* GroceryListView.swift */; };
		AA000013 /* CategorySectionView.swift in Sources */ = {isa = PBXBuildFile; fileRef = AB000013 /* CategorySectionView.swift */; };
		AA000014 /* ItemRowView.swift in Sources */ = {isa = PBXBuildFile; fileRef = AB000014 /* ItemRowView.swift */; };
		AA000015 /* AddItemSheet.swift in Sources */ = {isa = PBXBuildFile; fileRef = AB000015 /* AddItemSheet.swift */; };
		AA000016 /* StoreMapView.swift in Sources */ = {isa = PBXBuildFile; fileRef = AB000016 /* StoreMapView.swift */; };
		AA000017 /* ZoneView.swift in Sources */ = {isa = PBXBuildFile; fileRef = AB000017 /* ZoneView.swift */; };
		AA000018 /* RouteOverlayView.swift in Sources */ = {isa = PBXBuildFile; fileRef = AB000018 /* RouteOverlayView.swift */; };
		AA000019 /* EntrancePickerSheet.swift in Sources */ = {isa = PBXBuildFile; fileRef = AB000019 /* EntrancePickerSheet.swift */; };
		AA000020 /* LayoutManagerSheet.swift in Sources */ = {isa = PBXBuildFile; fileRef = AB000020 /* LayoutManagerSheet.swift */; };
		AA000021 /* AddDepartmentSheet.swift in Sources */ = {isa = PBXBuildFile; fileRef = AB000021 /* AddDepartmentSheet.swift */; };
		AA000022 /* AuthSheet.swift in Sources */ = {isa = PBXBuildFile; fileRef = AB000022 /* AuthSheet.swift */; };
		AA000023 /* AccountSheet.swift in Sources */ = {isa = PBXBuildFile; fileRef = AB000023 /* AccountSheet.swift */; };
		AA000024 /* ColorExtensions.swift in Sources */ = {isa = PBXBuildFile; fileRef = AB000024 /* ColorExtensions.swift */; };
		AA000025 /* RouteComputer.swift in Sources */ = {isa = PBXBuildFile; fileRef = AB000025 /* RouteComputer.swift */; };
/* End PBXBuildFile section */

/* Begin PBXFileReference section */
		AB000001 /* GroceryBuddyApp.swift */ = {isa = PBXFileReference; lastKnownFileType = sourcecode.swift; path = GroceryBuddyApp.swift; sourceTree = "<group>"; };
		AB000002 /* GroceryItem.swift */ = {isa = PBXFileReference; lastKnownFileType = sourcecode.swift; path = GroceryItem.swift; sourceTree = "<group>"; };
		AB000003 /* CustomCategory.swift */ = {isa = PBXFileReference; lastKnownFileType = sourcecode.swift; path = CustomCategory.swift; sourceTree = "<group>"; };
		AB000004 /* ZoneLayout.swift */ = {isa = PBXFileReference; lastKnownFileType = sourcecode.swift; path = ZoneLayout.swift; sourceTree = "<group>"; };
		AB000005 /* SavedLayoutSlot.swift */ = {isa = PBXFileReference; lastKnownFileType = sourcecode.swift; path = SavedLayoutSlot.swift; sourceTree = "<group>"; };
		AB000006 /* RouteState.swift */ = {isa = PBXFileReference; lastKnownFileType = sourcecode.swift; path = RouteState.swift; sourceTree = "<group>"; };
		AB000007 /* LocalStore.swift */ = {isa = PBXFileReference; lastKnownFileType = sourcecode.swift; path = LocalStore.swift; sourceTree = "<group>"; };
		AB000008 /* AuthClient.swift */ = {isa = PBXFileReference; lastKnownFileType = sourcecode.swift; path = AuthClient.swift; sourceTree = "<group>"; };
		AB000009 /* CloudSync.swift */ = {isa = PBXFileReference; lastKnownFileType = sourcecode.swift; path = CloudSync.swift; sourceTree = "<group>"; };
		AB000010 /* AppViewModel.swift */ = {isa = PBXFileReference; lastKnownFileType = sourcecode.swift; path = AppViewModel.swift; sourceTree = "<group>"; };
		AB000011 /* ContentView.swift */ = {isa = PBXFileReference; lastKnownFileType = sourcecode.swift; path = ContentView.swift; sourceTree = "<group>"; };
		AB000012 /* GroceryListView.swift */ = {isa = PBXFileReference; lastKnownFileType = sourcecode.swift; path = GroceryListView.swift; sourceTree = "<group>"; };
		AB000013 /* CategorySectionView.swift */ = {isa = PBXFileReference; lastKnownFileType = sourcecode.swift; path = CategorySectionView.swift; sourceTree = "<group>"; };
		AB000014 /* ItemRowView.swift */ = {isa = PBXFileReference; lastKnownFileType = sourcecode.swift; path = ItemRowView.swift; sourceTree = "<group>"; };
		AB000015 /* AddItemSheet.swift */ = {isa = PBXFileReference; lastKnownFileType = sourcecode.swift; path = AddItemSheet.swift; sourceTree = "<group>"; };
		AB000016 /* StoreMapView.swift */ = {isa = PBXFileReference; lastKnownFileType = sourcecode.swift; path = StoreMapView.swift; sourceTree = "<group>"; };
		AB000017 /* ZoneView.swift */ = {isa = PBXFileReference; lastKnownFileType = sourcecode.swift; path = ZoneView.swift; sourceTree = "<group>"; };
		AB000018 /* RouteOverlayView.swift */ = {isa = PBXFileReference; lastKnownFileType = sourcecode.swift; path = RouteOverlayView.swift; sourceTree = "<group>"; };
		AB000019 /* EntrancePickerSheet.swift */ = {isa = PBXFileReference; lastKnownFileType = sourcecode.swift; path = EntrancePickerSheet.swift; sourceTree = "<group>"; };
		AB000020 /* LayoutManagerSheet.swift */ = {isa = PBXFileReference; lastKnownFileType = sourcecode.swift; path = LayoutManagerSheet.swift; sourceTree = "<group>"; };
		AB000021 /* AddDepartmentSheet.swift */ = {isa = PBXFileReference; lastKnownFileType = sourcecode.swift; path = AddDepartmentSheet.swift; sourceTree = "<group>"; };
		AB000022 /* AuthSheet.swift */ = {isa = PBXFileReference; lastKnownFileType = sourcecode.swift; path = AuthSheet.swift; sourceTree = "<group>"; };
		AB000023 /* AccountSheet.swift */ = {isa = PBXFileReference; lastKnownFileType = sourcecode.swift; path = AccountSheet.swift; sourceTree = "<group>"; };
		AB000024 /* ColorExtensions.swift */ = {isa = PBXFileReference; lastKnownFileType = sourcecode.swift; path = ColorExtensions.swift; sourceTree = "<group>"; };
		AB000025 /* RouteComputer.swift */ = {isa = PBXFileReference; lastKnownFileType = sourcecode.swift; path = RouteComputer.swift; sourceTree = "<group>"; };
		AC000001 /* GroceryBuddy.app */ = {isa = PBXFileReference; explicitFileType = wrapper.application; includeInIndex = 0; path = GroceryBuddy.app; sourceTree = BUILT_PRODUCTS_DIR; };
/* End PBXFileReference section */

/* Begin PBXFrameworksBuildPhase section */
		AE000001 /* Frameworks */ = {
			isa = PBXFrameworksBuildPhase;
			buildActionMask = 2147483647;
			files = (
			);
			runOnlyForDeploymentPostprocessing = 0;
		};
/* End PBXFrameworksBuildPhase section */

/* Begin PBXGroup section */
		AF000000 = {
			isa = PBXGroup;
			children = (
				AF000001 /* GroceryBuddy */,
				AF000008 /* Products */,
			);
			sourceTree = "<group>";
		};
		AF000001 /* GroceryBuddy */ = {
			isa = PBXGroup;
			children = (
				AB000001 /* GroceryBuddyApp.swift */,
				AF000002 /* Models */,
				AF000003 /* Storage */,
				AF000004 /* Networking */,
				AF000005 /* ViewModels */,
				AF000006 /* Views */,
				AF000007 /* Utilities */,
			);
			path = GroceryBuddy;
			sourceTree = "<group>";
		};
		AF000002 /* Models */ = {
			isa = PBXGroup;
			children = (
				AB000002 /* GroceryItem.swift */,
				AB000003 /* CustomCategory.swift */,
				AB000004 /* ZoneLayout.swift */,
				AB000005 /* SavedLayoutSlot.swift */,
				AB000006 /* RouteState.swift */,
			);
			path = Models;
			sourceTree = "<group>";
		};
		AF000003 /* Storage */ = {
			isa = PBXGroup;
			children = (
				AB000007 /* LocalStore.swift */,
			);
			path = Storage;
			sourceTree = "<group>";
		};
		AF000004 /* Networking */ = {
			isa = PBXGroup;
			children = (
				AB000008 /* AuthClient.swift */,
				AB000009 /* CloudSync.swift */,
			);
			path = Networking;
			sourceTree = "<group>";
		};
		AF000005 /* ViewModels */ = {
			isa = PBXGroup;
			children = (
				AB000010 /* AppViewModel.swift */,
			);
			path = ViewModels;
			sourceTree = "<group>";
		};
		AF000006 /* Views */ = {
			isa = PBXGroup;
			children = (
				AB000011 /* ContentView.swift */,
				AB000012 /* GroceryListView.swift */,
				AB000013 /* CategorySectionView.swift */,
				AB000014 /* ItemRowView.swift */,
				AB000015 /* AddItemSheet.swift */,
				AB000016 /* StoreMapView.swift */,
				AB000017 /* ZoneView.swift */,
				AB000018 /* RouteOverlayView.swift */,
				AB000019 /* EntrancePickerSheet.swift */,
				AB000020 /* LayoutManagerSheet.swift */,
				AB000021 /* AddDepartmentSheet.swift */,
				AB000022 /* AuthSheet.swift */,
				AB000023 /* AccountSheet.swift */,
			);
			path = Views;
			sourceTree = "<group>";
		};
		AF000007 /* Utilities */ = {
			isa = PBXGroup;
			children = (
				AB000024 /* ColorExtensions.swift */,
				AB000025 /* RouteComputer.swift */,
			);
			path = Utilities;
			sourceTree = "<group>";
		};
		AF000008 /* Products */ = {
			isa = PBXGroup;
			children = (
				AC000001 /* GroceryBuddy.app */,
			);
			name = Products;
			sourceTree = "<group>";
		};
/* End PBXGroup section */

/* Begin PBXNativeTarget section */
		AD000001 /* GroceryBuddy */ = {
			isa = PBXNativeTarget;
			buildConfigurationList = AH000002 /* Build configuration list for PBXNativeTarget "GroceryBuddy" */;
			buildPhases = (
				AG000001 /* Sources */,
				AE000001 /* Frameworks */,
				AG000002 /* Resources */,
			);
			buildRules = (
			);
			dependencies = (
			);
			name = GroceryBuddy;
			productName = GroceryBuddy;
			productReference = AC000001 /* GroceryBuddy.app */;
			productType = "com.apple.product-type.application";
		};
/* End PBXNativeTarget section */

/* Begin PBXProject section */
		AD000000 /* Project object */ = {
			isa = PBXProject;
			attributes = {
				BuildIndependentTargetsInParallel = 1;
				LastSwiftUpdateCheck = 1500;
				LastUpgradeCheck = 1500;
				TargetAttributes = {
					AD000001 = {
						CreatedOnToolsVersion = 15.0;
					};
				};
			};
			buildConfigurationList = AH000001 /* Build configuration list for PBXProject "GroceryBuddy" */;
			compatibilityVersion = "Xcode 14.0";
			developmentRegion = en;
			hasScannedForEncodings = 0;
			knownRegions = (
				en,
				Base,
			);
			mainGroup = AF000000;
			productRefGroup = AF000008 /* Products */;
			projectDirPath = "";
			projectRoot = "";
			targets = (
				AD000001 /* GroceryBuddy */,
			);
		};
/* End PBXProject section */

/* Begin PBXResourcesBuildPhase section */
		AG000002 /* Resources */ = {
			isa = PBXResourcesBuildPhase;
			buildActionMask = 2147483647;
			files = (
			);
			runOnlyForDeploymentPostprocessing = 0;
		};
/* End PBXResourcesBuildPhase section */

/* Begin PBXSourcesBuildPhase section */
		AG000001 /* Sources */ = {
			isa = PBXSourcesBuildPhase;
			buildActionMask = 2147483647;
			files = (
				AA000001 /* GroceryBuddyApp.swift in Sources */,
				AA000002 /* GroceryItem.swift in Sources */,
				AA000003 /* CustomCategory.swift in Sources */,
				AA000004 /* ZoneLayout.swift in Sources */,
				AA000005 /* SavedLayoutSlot.swift in Sources */,
				AA000006 /* RouteState.swift in Sources */,
				AA000007 /* LocalStore.swift in Sources */,
				AA000008 /* AuthClient.swift in Sources */,
				AA000009 /* CloudSync.swift in Sources */,
				AA000010 /* AppViewModel.swift in Sources */,
				AA000011 /* ContentView.swift in Sources */,
				AA000012 /* GroceryListView.swift in Sources */,
				AA000013 /* CategorySectionView.swift in Sources */,
				AA000014 /* ItemRowView.swift in Sources */,
				AA000015 /* AddItemSheet.swift in Sources */,
				AA000016 /* StoreMapView.swift in Sources */,
				AA000017 /* ZoneView.swift in Sources */,
				AA000018 /* RouteOverlayView.swift in Sources */,
				AA000019 /* EntrancePickerSheet.swift in Sources */,
				AA000020 /* LayoutManagerSheet.swift in Sources */,
				AA000021 /* AddDepartmentSheet.swift in Sources */,
				AA000022 /* AuthSheet.swift in Sources */,
				AA000023 /* AccountSheet.swift in Sources */,
				AA000024 /* ColorExtensions.swift in Sources */,
				AA000025 /* RouteComputer.swift in Sources */,
			);
			runOnlyForDeploymentPostprocessing = 0;
		};
/* End PBXSourcesBuildPhase section */

/* Begin XCBuildConfiguration section */
		AH000003 /* Debug */ = {
			isa = XCBuildConfiguration;
			buildSettings = {
				ALWAYS_SEARCH_USER_PATHS = NO;
				ASSETCATALOG_COMPILER_GENERATE_SWIFT_ASSET_SYMBOL_EXTENSIONS = YES;
				CLANG_ANALYZER_NONNULL = YES;
				CLANG_ANALYZER_NUMBER_OBJECT_CONVERSION = YES_AGGRESSIVE;
				CLANG_CXX_LANGUAGE_STANDARD = "gnu++20";
				CLANG_ENABLE_MODULES = YES;
				CLANG_ENABLE_OBJC_ARC = YES;
				CLANG_ENABLE_OBJC_WEAK = YES;
				CLANG_WARN_BLOCK_CAPTURE_AUTORELEASING = YES;
				CLANG_WARN_BOOL_CONVERSION = YES;
				CLANG_WARN_COMMA = YES;
				CLANG_WARN_CONSTANT_CONVERSION = YES;
				CLANG_WARN_DEPRECATED_OBJC_IMPLEMENTATIONS = YES;
				CLANG_WARN_DIRECT_OBJC_ISA_USAGE = YES_ERROR;
				CLANG_WARN_DOCUMENTATION_COMMENTS = YES;
				CLANG_WARN_EMPTY_BODY = YES;
				CLANG_WARN_ENUM_CONVERSION = YES;
				CLANG_WARN_INFINITE_RECURSION = YES;
				CLANG_WARN_INT_CONVERSION = YES;
				CLANG_WARN_NON_LITERAL_NULL_CONVERSION = YES;
				CLANG_WARN_OBJC_IMPLICIT_RETAIN_CYCLE = YES;
				CLANG_WARN_OBJC_LITERAL_CONVERSION = YES;
				CLANG_WARN_OBJC_ROOT_CLASS = YES_ERROR;
				CLANG_WARN_QUOTED_INCLUDE_IN_FRAMEWORK_HEADER = YES;
				CLANG_WARN_RANGE_LOOP_ANALYSIS = YES;
				CLANG_WARN_STRICT_PROTOTYPES = YES;
				CLANG_WARN_SUSPICIOUS_MOVE = YES;
				CLANG_WARN_UNGUARDED_AVAILABILITY = YES_AGGRESSIVE;
				CLANG_WARN_UNREACHABLE_CODE = YES;
				CLANG_WARN__DUPLICATE_METHOD_MATCH = YES;
				COPY_PHASE_STRIP = NO;
				DEBUG_INFORMATION_FORMAT = dwarf;
				ENABLE_STRICT_OBJC_MSGSEND = YES;
				ENABLE_TESTABILITY = YES;
				ENABLE_USER_SCRIPT_SANDBOXING = YES;
				GCC_C_LANGUAGE_STANDARD = gnu17;
				GCC_DYNAMIC_NO_PIC = NO;
				GCC_NO_COMMON_BLOCKS = YES;
				GCC_OPTIMIZATION_LEVEL = 0;
				GCC_PREPROCESSOR_DEFINITIONS = (
					"DEBUG=1",
					"$(inherited)",
				);
				GCC_WARN_64_TO_32_BIT_CONVERSION = YES;
				GCC_WARN_ABOUT_RETURN_TYPE = YES_ERROR;
				GCC_WARN_UNDECLARED_SELECTOR = YES;
				GCC_WARN_UNINITIALIZED_AUTOS = YES_AGGRESSIVE;
				GCC_WARN_UNUSED_FUNCTION = YES;
				GCC_WARN_UNUSED_VARIABLE = YES;
				IPHONEOS_DEPLOYMENT_TARGET = 17.0;
				MTL_ENABLE_DEBUG_INFO = INCLUDE_SOURCE;
				MTL_FAST_MATH = YES;
				ONLY_ACTIVE_ARCH = YES;
				SDKROOT = iphoneos;
				SWIFT_ACTIVE_COMPILATION_CONDITIONS = "DEBUG $(inherited)";
				SWIFT_OPTIMIZATION_LEVEL = "-Onone";
			};
			name = Debug;
		};
		AH000004 /* Release */ = {
			isa = XCBuildConfiguration;
			buildSettings = {
				ALWAYS_SEARCH_USER_PATHS = NO;
				ASSETCATALOG_COMPILER_GENERATE_SWIFT_ASSET_SYMBOL_EXTENSIONS = YES;
				CLANG_ANALYZER_NONNULL = YES;
				CLANG_ANALYZER_NUMBER_OBJECT_CONVERSION = YES_AGGRESSIVE;
				CLANG_CXX_LANGUAGE_STANDARD = "gnu++20";
				CLANG_ENABLE_MODULES = YES;
				CLANG_ENABLE_OBJC_ARC = YES;
				CLANG_ENABLE_OBJC_WEAK = YES;
				CLANG_WARN_BLOCK_CAPTURE_AUTORELEASING = YES;
				CLANG_WARN_BOOL_CONVERSION = YES;
				CLANG_WARN_COMMA = YES;
				CLANG_WARN_CONSTANT_CONVERSION = YES;
				CLANG_WARN_DEPRECATED_OBJC_IMPLEMENTATIONS = YES;
				CLANG_WARN_DIRECT_OBJC_ISA_USAGE = YES_ERROR;
				CLANG_WARN_DOCUMENTATION_COMMENTS = YES;
				CLANG_WARN_EMPTY_BODY = YES;
				CLANG_WARN_ENUM_CONVERSION = YES;
				CLANG_WARN_INFINITE_RECURSION = YES;
				CLANG_WARN_INT_CONVERSION = YES;
				CLANG_WARN_NON_LITERAL_NULL_CONVERSION = YES;
				CLANG_WARN_OBJC_IMPLICIT_RETAIN_CYCLE = YES;
				CLANG_WARN_OBJC_LITERAL_CONVERSION = YES;
				CLANG_WARN_OBJC_ROOT_CLASS = YES_ERROR;
				CLANG_WARN_QUOTED_INCLUDE_IN_FRAMEWORK_HEADER = YES;
				CLANG_WARN_RANGE_LOOP_ANALYSIS = YES;
				CLANG_WARN_STRICT_PROTOTYPES = YES;
				CLANG_WARN_SUSPICIOUS_MOVE = YES;
				CLANG_WARN_UNGUARDED_AVAILABILITY = YES_AGGRESSIVE;
				CLANG_WARN_UNREACHABLE_CODE = YES;
				CLANG_WARN__DUPLICATE_METHOD_MATCH = YES;
				COPY_PHASE_STRIP = NO;
				DEBUG_INFORMATION_FORMAT = "dwarf-with-dsym";
				ENABLE_NS_ASSERTIONS = NO;
				ENABLE_STRICT_OBJC_MSGSEND = YES;
				ENABLE_USER_SCRIPT_SANDBOXING = YES;
				GCC_C_LANGUAGE_STANDARD = gnu17;
				GCC_NO_COMMON_BLOCKS = YES;
				GCC_WARN_64_TO_32_BIT_CONVERSION = YES;
				GCC_WARN_ABOUT_RETURN_TYPE = YES_ERROR;
				GCC_WARN_UNDECLARED_SELECTOR = YES;
				GCC_WARN_UNINITIALIZED_AUTOS = YES_AGGRESSIVE;
				GCC_WARN_UNUSED_FUNCTION = YES;
				GCC_WARN_UNUSED_VARIABLE = YES;
				IPHONEOS_DEPLOYMENT_TARGET = 17.0;
				MTL_FAST_MATH = YES;
				SDKROOT = iphoneos;
				SWIFT_COMPILATION_MODE = wholemodule;
				VALIDATE_PRODUCT = YES;
			};
			name = Release;
		};
		AH000005 /* Debug */ = {
			isa = XCBuildConfiguration;
			buildSettings = {
				ASSETCATALOG_COMPILER_APPICON_NAME = AppIcon;
				ASSETCATALOG_COMPILER_GLOBAL_ACCENT_COLOR_NAME = AccentColor;
				CODE_SIGN_STYLE = Automatic;
				CURRENT_PROJECT_VERSION = 1;
				DEVELOPMENT_ASSET_PATHS = "";
				DEVELOPMENT_TEAM = BUH2W92RM9;
				ENABLE_PREVIEWS = YES;
				GENERATE_INFOPLIST_FILE = YES;
				INFOPLIST_KEY_UIApplicationSceneManifest_Generation = YES;
				INFOPLIST_KEY_UIApplicationSupportsIndirectInputEvents = YES;
				INFOPLIST_KEY_UILaunchScreen_Generation = YES;
				INFOPLIST_KEY_UISupportedInterfaceOrientations_iPhone = "UIInterfaceOrientationPortrait UIInterfaceOrientationLandscapeLeft UIInterfaceOrientationLandscapeRight";
				LD_RUNPATH_SEARCH_PATHS = (
					"$(inherited)",
					"@executable_path/Frameworks",
				);
				MARKETING_VERSION = 1.0;
				PRODUCT_BUNDLE_IDENTIFIER = com.grocerybuddy.io;
				PRODUCT_NAME = "$(TARGET_NAME)";
				SWIFT_EMIT_LOC_STRINGS = YES;
				SWIFT_VERSION = 5.0;
				TARGETED_DEVICE_FAMILY = 1;
			};
			name = Debug;
		};
		AH000006 /* Release */ = {
			isa = XCBuildConfiguration;
			buildSettings = {
				ASSETCATALOG_COMPILER_APPICON_NAME = AppIcon;
				ASSETCATALOG_COMPILER_GLOBAL_ACCENT_COLOR_NAME = AccentColor;
				CODE_SIGN_STYLE = Automatic;
				CURRENT_PROJECT_VERSION = 1;
				DEVELOPMENT_ASSET_PATHS = "";
				DEVELOPMENT_TEAM = BUH2W92RM9;
				ENABLE_PREVIEWS = YES;
				GENERATE_INFOPLIST_FILE = YES;
				INFOPLIST_KEY_UIApplicationSceneManifest_Generation = YES;
				INFOPLIST_KEY_UIApplicationSupportsIndirectInputEvents = YES;
				INFOPLIST_KEY_UILaunchScreen_Generation = YES;
				INFOPLIST_KEY_UISupportedInterfaceOrientations_iPhone = "UIInterfaceOrientationPortrait UIInterfaceOrientationLandscapeLeft UIInterfaceOrientationLandscapeRight";
				LD_RUNPATH_SEARCH_PATHS = (
					"$(inherited)",
					"@executable_path/Frameworks",
				);
				MARKETING_VERSION = 1.0;
				PRODUCT_BUNDLE_IDENTIFIER = com.grocerybuddy.io;
				PRODUCT_NAME = "$(TARGET_NAME)";
				SWIFT_EMIT_LOC_STRINGS = YES;
				SWIFT_VERSION = 5.0;
				TARGETED_DEVICE_FAMILY = 1;
			};
			name = Release;
		};
/* End XCBuildConfiguration section */

/* Begin XCConfigurationList section */
		AH000001 /* Build configuration list for PBXProject "GroceryBuddy" */ = {
			isa = XCConfigurationList;
			buildConfigurations = (
				AH000003 /* Debug */,
				AH000004 /* Release */,
			);
			defaultConfigurationIsVisible = 0;
			defaultConfigurationName = Release;
		};
		AH000002 /* Build configuration list for PBXNativeTarget "GroceryBuddy" */ = {
			isa = XCConfigurationList;
			buildConfigurations = (
				AH000005 /* Debug */,
				AH000006 /* Release */,
			);
			defaultConfigurationIsVisible = 0;
			defaultConfigurationName = Release;
		};
/* End XCConfigurationList section */
	};
	rootObject = AD000000 /* Project object */;
}
